
Microsoft Visual Studio Solution File, Format Version 12.00
# Visual Studio 14
VisualStudioVersion = 14.0.25420.1
MinimumVisualStudioVersion = 10.0.40219.1
Project("{FAE04EC0-301F-11D3-BF4B-00C04F79EFBC}") = "App.Model", "App.Model\App.Model.csproj", "{1132B78C-B0FC-44F2-A24C-063236FF6203}"
EndProject
Project("{FAE04EC0-301F-11D3-BF4B-00C04F79EFBC}") = "App.EntityFramework", "App.EntityFramework\App.EntityFramework.csproj", "{0CF58D2B-EE0D-4E00-84F2-D41E551FBA8A}"
EndProject
Project("{FAE04EC0-301F-11D3-BF4B-00C04F79EFBC}") = "App.Web", "App.Web\App.Web.csproj", "{D2CD3AFB-2F8E-4314-B4EC-2225AEA40915}"
EndProject
Project("{FAE04EC0-301F-11D3-BF4B-00C04F79EFBC}") = "App.Data", "App.Data\App.Data.csproj", "{5F2C726D-D361-4E14-890E-9A889E18AF90}"
EndProject
Global
	GlobalSection(SolutionConfigurationPlatforms) = preSolution
		Debug|Any CPU = Debug|Any CPU
		Release|Any CPU = Release|Any CPU
	EndGlobalSection
	GlobalSection(ProjectConfigurationPlatforms) = postSolution
		{1132B78C-B0FC-44F2-A24C-063236FF6203}.Debug|Any CPU.ActiveCfg = Debug|Any CPU
		{1132B78C-B0FC-44F2-A24C-063236FF6203}.Debug|Any CPU.Build.0 = Debug|Any CPU
		{1132B78C-B0FC-44F2-A24C-063236FF6203}.Release|Any CPU.ActiveCfg = Release|Any CPU
		{1132B78C-B0FC-44F2-A24C-063236FF6203}.Release|Any CPU.Build.0 = Release|Any CPU
		{0CF58D2B-EE0D-4E00-84F2-D41E551FBA8A}.Debug|Any CPU.ActiveCfg = Debug|Any CPU
		{0CF58D2B-EE0D-4E00-84F2-D41E551FBA8A}.Debug|Any CPU.Build.0 = Debug|Any CPU
		{0CF58D2B-EE0D-4E00-84F2-D41E551FBA8A}.Release|Any CPU.ActiveCfg = Release|Any CPU
		{0CF58D2B-EE0D-4E00-84F2-D41E551FBA8A}.Release|Any CPU.Build.0 = Release|Any CPU
		{D2CD3AFB-2F8E-4314-B4EC-2225AEA40915}.Debug|Any CPU.ActiveCfg = Debug|Any CPU
		{D2CD3AFB-2F8E-4314-B4EC-2225AEA40915}.Debug|Any CPU.Build.0 = Debug|Any CPU
		{D2CD3AFB-2F8E-4314-B4EC-2225AEA40915}.Release|Any CPU.ActiveCfg = Release|Any CPU
		{D2CD3AFB-2F8E-4314-B4EC-2225AEA40915}.Release|Any CPU.Build.0 = Release|Any CPU
		{5F2C726D-D361-4E14-890E-9A889E18AF90}.Debug|Any CPU.ActiveCfg = Debug|Any CPU
		{5F2C726D-D361-4E14-890E-9A889E18AF90}.Debug|Any CPU.Build.0 = Debug|Any CPU
		{5F2C726D-D361-4E14-890E-9A889E18AF90}.Release|Any CPU.ActiveCfg = Release|Any CPU
		{5F2C726D-D361-4E14-890E-9A889E18AF90}.Release|Any CPU.Build.0 = Release|Any CPU
	EndGlobalSection
	GlobalSection(SolutionProperties) = preSolution
		HideSolutionNode = FALSE
	EndGlobalSection
EndGlobal
